{
  "lockfileVersion": 1,
  "configVersion": 1,
  "workspaces": {
    "": {
      "dependencies": {
        "@types/js-yaml": "^4.0.9",
        "cac": "^7.0.0",
        "js-yaml": "^4.1.1",
        "json5": "^2.2.3",
        "jsonpath-plus": "^10.4.0",
        "zod": "^4.3.6",
      },
      "devDependencies": {
        "@types/node": "^22.19.17",
        "typescript": "^5.9.3",
      },
    },
  },
  "packages": {
    "@jsep-plugin/assignment": ["@jsep-plugin/assignment@1.3.0", "", { "peerDependencies": { "jsep": "^0.4.0||^1.0.0" } }, "sha512-VVgV+CXrhbMI3aSusQyclHkenWSAm95WaiKrMxRFam3JSUiIaQjoMIw2sEs/OX4XifnqeQUN4DYbJjlA8EfktQ=="],

    "@jsep-plugin/regex": ["@jsep-plugin/regex@1.0.4", "", { "peerDependencies": { "jsep": "^0.4.0||^1.0.0" } }, "sha512-q7qL4Mgjs1vByCaTnDFcBnV9HS7GVPJX5vyVoCgZHNSC9rjwIlmbXG5sUuorR5ndfHAIlJ8pVStxvjXHbNvtUg=="],

    "@types/js-yaml": ["@types/js-yaml@4.0.9", "", {}, "sha512-k4MGaQl5TGo/iipqb2UDG2UwjXziSWkh0uysQelTlJpX1qGlpUZYm8PnO4DxG1qBomtJUdYJ6qR6xdIah10JLg=="],

    "@types/node": ["@types/node@22.19.17", "", { "dependencies": { "undici-types": "~6.21.0" } }, "sha512-wGdMcf+vPYM6jikpS/qhg6WiqSV/OhG+jeeHT/KlVqxYfD40iYJf9/AE1uQxVWFvU7MipKRkRv8NSHiCGgPr8Q=="],

    "argparse": ["argparse@2.0.1", "", {}, "sha512-8+9WqebbFzpX9OR+Wa6O29asIogeRMzcGtAINdpMHHyAg10f05aSFVBbcEqGf/PXw1EjAZ+q2/bEBg3DvurK3Q=="],

    "cac": ["cac@7.0.0", "", {}, "sha512-tixWYgm5ZoOD+3g6UTea91eow5z6AAHaho3g0V9CNSNb45gM8SmflpAc+GRd1InC4AqN/07Unrgp56Y94N9hJQ=="],

    "js-yaml": ["js-yaml@4.1.1", "", { "dependencies": { "argparse": "^2.0.1" }, "bin": { "js-yaml": "bin/js-yaml.js" } }, "sha512-qQKT4zQxXl8lLwBtHMWwaTcGfFOZviOJet3Oy/xmGk2gZH677CJM9EvtfdSkgWcATZhj/55JZ0rmy3myCT5lsA=="],

    "jsep": ["jsep@1.4.0", "", {}, "sha512-B7qPcEVE3NVkmSJbaYxvv4cHkVW7DQsZz13pUMrfS8z8Q/BuShN+gcTXrUlPiGqM2/t/EEaI030bpxMqY8gMlw=="],

    "json5": ["json5@2.2.3", "", { "bin": { "json5": "lib/cli.js" } }, "sha512-XmOWe7eyHYH14cLdVPoyg+GOH3rYX++KpzrylJwSW98t3Nk+U8XOl8FWKOgwtzdb8lXGf6zYwDUzeHMWfxasyg=="],

    "jsonpath-plus": ["jsonpath-plus@10.4.0", "", { "dependencies": { "@jsep-plugin/assignment": "^1.3.0", "@jsep-plugin/regex": "^1.0.4", "jsep": "^1.4.0" }, "bin": { "jsonpath": "bin/jsonpath-cli.js", "jsonpath-plus": "bin/jsonpath-cli.js" } }, "sha512-T92WWatJXmhBbKsgH/0hl+jxjdXrifi5IKeMY02DWggRxX0UElcbVzPlmgLTbvsPeW1PasQ6xE2Q75stkhGbsA=="],

    "typescript": ["typescript@5.9.3", "", { "bin": { "tsc": "bin/tsc", "tsserver": "bin/tsserver" } }, "sha512-jl1vZzPDinLr9eUt3J/t7V6FgNEw9QjvBPdysz9KfQDD41fQrC2Y4vKQdiaUpFT4bXlb1RHhLpp8wtm6M5TgSw=="],

    "undici-types": ["undici-types@6.21.0", "", {}, "sha512-iwDZqg0QAGrg9Rav5H4n0M64c3mkR59cJ6wQp+7C4nI0gsmExaedaYLNO44eT4AtBBwjbTiGPMlt2Md0T9H9JQ=="],

    "zod": ["zod@4.3.6", "", {}, "sha512-rftlrkhHZOcjDwkGlnUtZZkvaPHCsDATp4pGpuOOMDaTdDDXF91wuVDJoWoPsKX/3YPQ5fHuF3STjcYyKr+Qhg=="],
  }
}
